
Microsoft Visual Studio Solution File, Format Version 12.00
# Visual Studio Version 17
VisualStudioVersion = 17.10.35013.160
MinimumVisualStudioVersion = 10.0.40219.1
Project("{FAE04EC0-301F-11D3-BF4B-00C04F79EFBC}") = "guessingGame", "guessingGame.csproj", "{87B91C39-5CF8-4834-AD07-B83BE6E23721}"
EndProject
Global
	GlobalSection(SolutionConfigurationPlatforms) = preSolution
		Debug|Any CPU = Debug|Any CPU
		Release|Any CPU = Release|Any CPU
	EndGlobalSection
	GlobalSection(ProjectConfigurationPlatforms) = postSolution
		{87B91C39-5CF8-4834-AD07-B83BE6E23721}.Debug|Any CPU.ActiveCfg = Debug|Any CPU
		{87B91C39-5CF8-4834-AD07-B83BE6E23721}.Debug|Any CPU.Build.0 = Debug|Any CPU
		{87B91C39-5CF8-4834-AD07-B83BE6E23721}.Release|Any CPU.ActiveCfg = Release|Any CPU
		{87B91C39-5CF8-4834-AD07-B83BE6E23721}.Release|Any CPU.Build.0 = Release|Any CPU
	EndGlobalSection
	GlobalSection(SolutionProperties) = preSolution
		HideSolutionNode = FALSE
	EndGlobalSection
	GlobalSection(ExtensibilityGlobals) = postSolution
		SolutionGuid = {FED56D43-6CE0-4818-8BC4-FDB9410313AB}
	EndGlobalSection
EndGlobal
